
Microsoft Visual Studio Solution File, Format Version 12.00
# Visual Studio Version 17
VisualStudioVersion = 17.5.33424.131
MinimumVisualStudioVersion = 10.0.40219.1
Project("{9A19103F-16F7-4668-BE54-9A1E7A4F7556}") = "DataAccess", "DataAccess\DataAccess.csproj", "{53A8F397-A9FF-44D7-9E59-B8A4527D3A36}"
EndProject
Project("{9A19103F-16F7-4668-BE54-9A1E7A4F7556}") = "Business", "Business\Business.csproj", "{73050F6E-2965-4043-B944-DC852E18D134}"
EndProject
Project("{9A19103F-16F7-4668-BE54-9A1E7A4F7556}") = "Entities", "Entities\Entities.csproj", "{CF3130B1-8105-4028-9A5F-97DF158F920C}"
EndProject
Project("{9A19103F-16F7-4668-BE54-9A1E7A4F7556}") = "ConsoleUI", "ConsoleUI\ConsoleUI.csproj", "{02DB9B4F-7934-4AAC-9715-5B81398CC2BA}"
EndProject
Global
	GlobalSection(SolutionConfigurationPlatforms) = preSolution
		Debug|Any CPU = Debug|Any CPU
		Release|Any CPU = Release|Any CPU
	EndGlobalSection
	GlobalSection(ProjectConfigurationPlatforms) = postSolution
		{53A8F397-A9FF-44D7-9E59-B8A4527D3A36}.Debug|Any CPU.ActiveCfg = Debug|Any CPU
		{53A8F397-A9FF-44D7-9E59-B8A4527D3A36}.Debug|Any CPU.Build.0 = Debug|Any CPU
		{53A8F397-A9FF-44D7-9E59-B8A4527D3A36}.Release|Any CPU.ActiveCfg = Release|Any CPU
		{53A8F397-A9FF-44D7-9E59-B8A4527D3A36}.Release|Any CPU.Build.0 = Release|Any CPU
		{73050F6E-2965-4043-B944-DC852E18D134}.Debug|Any CPU.ActiveCfg = Debug|Any CPU
		{73050F6E-2965-4043-B944-DC852E18D134}.Debug|Any CPU.Build.0 = Debug|Any CPU
		{73050F6E-2965-4043-B944-DC852E18D134}.Release|Any CPU.ActiveCfg = Release|Any CPU
		{73050F6E-2965-4043-B944-DC852E18D134}.Release|Any CPU.Build.0 = Release|Any CPU
		{CF3130B1-8105-4028-9A5F-97DF158F920C}.Debug|Any CPU.ActiveCfg = Debug|Any CPU
		{CF3130B1-8105-4028-9A5F-97DF158F920C}.Debug|Any CPU.Build.0 = Debug|Any CPU
		{CF3130B1-8105-4028-9A5F-97DF158F920C}.Release|Any CPU.ActiveCfg = Release|Any CPU
		{CF3130B1-8105-4028-9A5F-97DF158F920C}.Release|Any CPU.Build.0 = Release|Any CPU
		{02DB9B4F-7934-4AAC-9715-5B81398CC2BA}.Debug|Any CPU.ActiveCfg = Debug|Any CPU
		{02DB9B4F-7934-4AAC-9715-5B81398CC2BA}.Debug|Any CPU.Build.0 = Debug|Any CPU
		{02DB9B4F-7934-4AAC-9715-5B81398CC2BA}.Release|Any CPU.ActiveCfg = Release|Any CPU
		{02DB9B4F-7934-4AAC-9715-5B81398CC2BA}.Release|Any CPU.Build.0 = Release|Any CPU
	EndGlobalSection
	GlobalSection(SolutionProperties) = preSolution
		HideSolutionNode = FALSE
	EndGlobalSection
	GlobalSection(ExtensibilityGlobals) = postSolution
		SolutionGuid = {2C23DD94-92FE-448F-8807-53B93F34C119}
	EndGlobalSection
EndGlobal
